{
  "name": "trpc",
  "version": "1.0.0",
  "lockfileVersion": 3,
  "requires": true,
  "packages": {
    "": {
      "name": "trpc",
      "version": "1.0.0",
      "license": "ISC",
      "dependencies": {
        "@trpc/client": "^11.0.0-rc.589",
        "@trpc/server": "^11.0.0-rc.589",
        "zod": "^3.23.8"
      }
    },
    "node_modules/@trpc/client": {
      "version": "11.0.0-rc.589",
      "resolved": "https://registry.npmjs.org/@trpc/client/-/client-11.0.0-rc.589.tgz",
      "integrity": "sha512-yXVJaU14EePpk3HmLy0frszffNa6D31vtV5SZN+B1EApRZpeMgq40DzmLUzWbp6KAYzBf9x9pkOJ50HAanpqzQ==",
      "funding": [
        "https://trpc.io/sponsor"
      ],
      "peerDependencies": {
        "@trpc/server": "11.0.0-rc.589+79fa074bd"
      }
    },
    "node_modules/@trpc/server": {
      "version": "11.0.0-rc.589",
      "resolved": "https://registry.npmjs.org/@trpc/server/-/server-11.0.0-rc.589.tgz",
      "integrity": "sha512-/FrBBRzb2lpqe+a2tIcQfLhE9Dk2k5DRobufqp5fFhy/evw4drZ8AcZgh+ckhYuFmZysqdwmw5kmD3uIUD2yjw==",
      "funding": [
        "https://trpc.io/sponsor"
      ]
    },
    "node_modules/zod": {
      "version": "3.23.8",
      "resolved": "https://registry.npmjs.org/zod/-/zod-3.23.8.tgz",
      "integrity": "sha512-XBx9AXhXktjUqnepgTiE5flcKIYWi/rme0Eaj+5Y0lftuGBq+jyRu/md4WnuxqgP1ubdpNCsYEYPxrzVHD8d6g==",
      "funding": {
        "url": "https://github.com/sponsors/colinhacks"
      }
    }
  }
}
